<?xml version="1.0" encoding="utf-8"?>
<Project ToolsVersion="4.0" xmlns="http://schemas.microsoft.com/developer/msbuild/2003">
  <ItemGroup>
    <Filter Include="Camera">
      <UniqueIdentifier>{CE7141AB-BA13-6C81-A3CE-7FD58F0FF3D1}</UniqueIdentifier>
    </Filter>
    <Filter Include="Core">
      <UniqueIdentifier>{2EB4837C-1AEB-840D-C3D7-6A10AFED000F}</UniqueIdentifier>
    </Filter>
    <Filter Include="FileSystem">
      <UniqueIdentifier>{6A7A86EC-5632-C839-BF39-A195AB10632A}</UniqueIdentifier>
    </Filter>
    <Filter Include="Fonts">
      <UniqueIdentifier>{CF74300D-3B89-58BE-040B-FC1D70DE54EF}</UniqueIdentifier>
    </Filter>
    <Filter Include="Interfaces">
      <UniqueIdentifier>{A9FC10E8-95B4-5235-FEBB-2B91EA92ED25}</UniqueIdentifier>
    </Filter>
    <Filter Include="Logging">
      <UniqueIdentifier>{AC6878E8-1848-F783-2160-825A8DBE5DE5}</UniqueIdentifier>
    </Filter>
    <Filter Include="Math">
      <UniqueIdentifier>{AFF4887C-9B2B-8A0D-4418-7010302E060F}</UniqueIdentifier>
    </Filter>
    <Filter Include="MemoryTracking">
      <UniqueIdentifier>{31B3166C-1D81-0A72-0615-7B98F281E6D6}</UniqueIdentifier>
    </Filter>
    <Filter Include="Scripting">
      <UniqueIdentifier>{985A7358-04C5-27CF-4D03-D974B9AC0524}</UniqueIdentifier>
    </Filter>
    <Filter Include="ThirdParty">
      <UniqueIdentifier>{107145F9-FC28-8746-6530-60A251072237}</UniqueIdentifier>
    </Filter>
    <Filter Include="ThirdParty\OpenSource">
      <UniqueIdentifier>{E22582C4-4E92-3DBF-1786-D51C83B15F27}</UniqueIdentifier>
    </Filter>
    <Filter Include="ThirdParty\OpenSource\EASTL">
      <UniqueIdentifier>{8AA85B30-F6B5-8916-7F9C-8501EBA855CD}</UniqueIdentifier>
    </Filter>
    <Filter Include="ThirdParty\OpenSource\EASTL\EAStdC">
      <UniqueIdentifier>{ED3AD832-D976-DB9C-4289-F3932EE483B7}</UniqueIdentifier>
    </Filter>
    <Filter Include="ThirdParty\OpenSource\basis_universal">
      <UniqueIdentifier>{FB387A6F-67FD-785F-3063-A9299CE61495}</UniqueIdentifier>
    </Filter>
    <Filter Include="ThirdParty\OpenSource\basis_universal\transcoder">
      <UniqueIdentifier>{BF3574A6-ABDE-DBD5-D474-F754C07CF616}</UniqueIdentifier>
    </Filter>
    <Filter Include="ThirdParty\OpenSource\cpu_features">
      <UniqueIdentifier>{37F49876-2330-9CE0-8C42-B4D7789D44FB}</UniqueIdentifier>
    </Filter>
    <Filter Include="ThirdParty\OpenSource\cpu_features\src">
      <UniqueIdentifier>{CEF5F145-BA47-C935-A366-06468F57E21E}</UniqueIdentifier>
    </Filter>
    <Filter Include="ThirdParty\OpenSource\lua-5.3.5">
      <UniqueIdentifier>{59593565-C53C-44A5-CE3F-72E13AA20AF6}</UniqueIdentifier>
    </Filter>
    <Filter Include="ThirdParty\OpenSource\lua-5.3.5\src">
      <UniqueIdentifier>{F01BA048-5CD5-0AF3-E534-25CD51EDC062}</UniqueIdentifier>
    </Filter>
    <Filter Include="WindowSystem">
      <UniqueIdentifier>{A2AFCCEE-8E12-5C93-3798-944923DA2716}</UniqueIdentifier>
    </Filter>
    <Filter Include="Windows">
      <UniqueIdentifier>{5032B729-BC11-36C5-C529-C19B31889C26}</UniqueIdentifier>
    </Filter>
  </ItemGroup>
  <ItemGroup>
    <ClInclude Include="Core\Application.h">
      <Filter>Core</Filter>
    </ClInclude>
    <ClInclude Include="Core\Atomics.h">
      <Filter>Core</Filter>
    </ClInclude>
    <ClInclude Include="Core\CPUConfig.h">
      <Filter>Core</Filter>
    </ClInclude>
    <ClInclude Include="Core\Config.h">
      <Filter>Core</Filter>
    </ClInclude>
    <ClInclude Include="Core\EntryPoint.h">
      <Filter>Core</Filter>
    </ClInclude>
    <ClInclude Include="Core\GLWindow.h">
      <Filter>Core</Filter>
    </ClInclude>
    <ClInclude Include="Core\GPUConfig.h">
      <Filter>Core</Filter>
    </ClInclude>
    <ClInclude Include="Core\RingBuffer.h">
      <Filter>Core</Filter>
    </ClInclude>
    <ClInclude Include="Core\TextureContainers.h">
      <Filter>Core</Filter>
    </ClInclude>
    <ClInclude Include="Core\ThreadSystem.h">
      <Filter>Core</Filter>
    </ClInclude>
    <ClInclude Include="Interfaces\IApp.h">
      <Filter>Interfaces</Filter>
    </ClInclude>
    <ClInclude Include="Interfaces\ICameraController.h">
      <Filter>Interfaces</Filter>
    </ClInclude>
    <ClInclude Include="Interfaces\IFileSystem.h">
      <Filter>Interfaces</Filter>
    </ClInclude>
    <ClInclude Include="Interfaces\IFont.h">
      <Filter>Interfaces</Filter>
    </ClInclude>
    <ClInclude Include="Interfaces\IInput.h">
      <Filter>Interfaces</Filter>
    </ClInclude>
    <ClInclude Include="Interfaces\ILog.h">
      <Filter>Interfaces</Filter>
    </ClInclude>
    <ClInclude Include="Interfaces\IMemory.h">
      <Filter>Interfaces</Filter>
    </ClInclude>
    <ClInclude Include="Interfaces\IOperatingSystem.h">
      <Filter>Interfaces</Filter>
    </ClInclude>
    <ClInclude Include="Interfaces\IProfiler.h">
      <Filter>Interfaces</Filter>
    </ClInclude>
    <ClInclude Include="Interfaces\IScreenshot.h">
      <Filter>Interfaces</Filter>
    </ClInclude>
    <ClInclude Include="Interfaces\IScripting.h">
      <Filter>Interfaces</Filter>
    </ClInclude>
    <ClInclude Include="Interfaces\IThread.h">
      <Filter>Interfaces</Filter>
    </ClInclude>
    <ClInclude Include="Interfaces\ITime.h">
      <Filter>Interfaces</Filter>
    </ClInclude>
    <ClInclude Include="Interfaces\IUI.h">
      <Filter>Interfaces</Filter>
    </ClInclude>
    <ClInclude Include="Logging\Log.h">
      <Filter>Logging</Filter>
    </ClInclude>
    <ClInclude Include="Math\MathTypes.h">
      <Filter>Math</Filter>
    </ClInclude>
    <ClInclude Include="Scripting\LuaManager.h">
      <Filter>Scripting</Filter>
    </ClInclude>
    <ClInclude Include="Scripting\LuaManagerCommon.h">
      <Filter>Scripting</Filter>
    </ClInclude>
    <ClInclude Include="Scripting\LuaManagerImpl.h">
      <Filter>Scripting</Filter>
    </ClInclude>
    <ClInclude Include="Windows\GLWindowsWindow.h">
      <Filter>Windows</Filter>
    </ClInclude>
  </ItemGroup>
  <ItemGroup>
    <ClCompile Include="..\ThirdParty\OpenSource\EASTL\EAStdC\EAMemory.cpp">
      <Filter>ThirdParty\OpenSource\EASTL\EAStdC</Filter>
    </ClCompile>
    <ClCompile Include="..\ThirdParty\OpenSource\EASTL\EAStdC\EASprintf.cpp">
      <Filter>ThirdParty\OpenSource\EASTL\EAStdC</Filter>
    </ClCompile>
    <ClCompile Include="..\ThirdParty\OpenSource\EASTL\allocator_forge.cpp">
      <Filter>ThirdParty\OpenSource\EASTL</Filter>
    </ClCompile>
    <ClCompile Include="..\ThirdParty\OpenSource\EASTL\assert.cpp">
      <Filter>ThirdParty\OpenSource\EASTL</Filter>
    </ClCompile>
    <ClCompile Include="..\ThirdParty\OpenSource\EASTL\fixed_pool.cpp">
      <Filter>ThirdParty\OpenSource\EASTL</Filter>
    </ClCompile>
    <ClCompile Include="..\ThirdParty\OpenSource\EASTL\hashtable.cpp">
      <Filter>ThirdParty\OpenSource\EASTL</Filter>
    </ClCompile>
    <ClCompile Include="..\ThirdParty\OpenSource\EASTL\intrusive_list.cpp">
      <Filter>ThirdParty\OpenSource\EASTL</Filter>
    </ClCompile>
    <ClCompile Include="..\ThirdParty\OpenSource\EASTL\numeric_limits.cpp">
      <Filter>ThirdParty\OpenSource\EASTL</Filter>
    </ClCompile>
    <ClCompile Include="..\ThirdParty\OpenSource\EASTL\red_black_tree.cpp">
      <Filter>ThirdParty\OpenSource\EASTL</Filter>
    </ClCompile>
    <ClCompile Include="..\ThirdParty\OpenSource\EASTL\string.cpp">
      <Filter>ThirdParty\OpenSource\EASTL</Filter>
    </ClCompile>
    <ClCompile Include="..\ThirdParty\OpenSource\EASTL\thread_support.cpp">
      <Filter>ThirdParty\OpenSource\EASTL</Filter>
    </ClCompile>
    <ClCompile Include="..\ThirdParty\OpenSource\basis_universal\transcoder\basisu_transcoder.cpp">
      <Filter>ThirdParty\OpenSource\basis_universal\transcoder</Filter>
    </ClCompile>
    <ClCompile Include="..\ThirdParty\OpenSource\cpu_features\src\impl_x86_windows.c">
      <Filter>ThirdParty\OpenSource\cpu_features\src</Filter>
    </ClCompile>
    <ClCompile Include="..\ThirdParty\OpenSource\lua-5.3.5\src\lapi.c">
      <Filter>ThirdParty\OpenSource\lua-5.3.5\src</Filter>
    </ClCompile>
    <ClCompile Include="..\ThirdParty\OpenSource\lua-5.3.5\src\lauxlib.c">
      <Filter>ThirdParty\OpenSource\lua-5.3.5\src</Filter>
    </ClCompile>
    <ClCompile Include="..\ThirdParty\OpenSource\lua-5.3.5\src\lbaselib.c">
      <Filter>ThirdParty\OpenSource\lua-5.3.5\src</Filter>
    </ClCompile>
    <ClCompile Include="..\ThirdParty\OpenSource\lua-5.3.5\src\lbitlib.c">
      <Filter>ThirdParty\OpenSource\lua-5.3.5\src</Filter>
    </ClCompile>
    <ClCompile Include="..\ThirdParty\OpenSource\lua-5.3.5\src\lcode.c">
      <Filter>ThirdParty\OpenSource\lua-5.3.5\src</Filter>
    </ClCompile>
    <ClCompile Include="..\ThirdParty\OpenSource\lua-5.3.5\src\lcorolib.c">
      <Filter>ThirdParty\OpenSource\lua-5.3.5\src</Filter>
    </ClCompile>
    <ClCompile Include="..\ThirdParty\OpenSource\lua-5.3.5\src\lctype.c">
      <Filter>ThirdParty\OpenSource\lua-5.3.5\src</Filter>
    </ClCompile>
    <ClCompile Include="..\ThirdParty\OpenSource\lua-5.3.5\src\ldblib.c">
      <Filter>ThirdParty\OpenSource\lua-5.3.5\src</Filter>
    </ClCompile>
    <ClCompile Include="..\ThirdParty\OpenSource\lua-5.3.5\src\ldebug.c">
      <Filter>ThirdParty\OpenSource\lua-5.3.5\src</Filter>
    </ClCompile>
    <ClCompile Include="..\ThirdParty\OpenSource\lua-5.3.5\src\ldo.c">
      <Filter>ThirdParty\OpenSource\lua-5.3.5\src</Filter>
    </ClCompile>
    <ClCompile Include="..\ThirdParty\OpenSource\lua-5.3.5\src\ldump.c">
      <Filter>ThirdParty\OpenSource\lua-5.3.5\src</Filter>
    </ClCompile>
    <ClCompile Include="..\ThirdParty\OpenSource\lua-5.3.5\src\lfunc.c">
      <Filter>ThirdParty\OpenSource\lua-5.3.5\src</Filter>
    </ClCompile>
    <ClCompile Include="..\ThirdParty\OpenSource\lua-5.3.5\src\lgc.c">
      <Filter>ThirdParty\OpenSource\lua-5.3.5\src</Filter>
    </ClCompile>
    <ClCompile Include="..\ThirdParty\OpenSource\lua-5.3.5\src\linit.c">
      <Filter>ThirdParty\OpenSource\lua-5.3.5\src</Filter>
    </ClCompile>
    <ClCompile Include="..\ThirdParty\OpenSource\lua-5.3.5\src\liolib.c">
      <Filter>ThirdParty\OpenSource\lua-5.3.5\src</Filter>
    </ClCompile>
    <ClCompile Include="..\ThirdParty\OpenSource\lua-5.3.5\src\llex.c">
      <Filter>ThirdParty\OpenSource\lua-5.3.5\src</Filter>
    </ClCompile>
    <ClCompile Include="..\ThirdParty\OpenSource\lua-5.3.5\src\lmathlib.c">
      <Filter>ThirdParty\OpenSource\lua-5.3.5\src</Filter>
    </ClCompile>
    <ClCompile Include="..\ThirdParty\OpenSource\lua-5.3.5\src\lmem.c">
      <Filter>ThirdParty\OpenSource\lua-5.3.5\src</Filter>
    </ClCompile>
    <ClCompile Include="..\ThirdParty\OpenSource\lua-5.3.5\src\loadlib.c">
      <Filter>ThirdParty\OpenSource\lua-5.3.5\src</Filter>
    </ClCompile>
    <ClCompile Include="..\ThirdParty\OpenSource\lua-5.3.5\src\lobject.c">
      <Filter>ThirdParty\OpenSource\lua-5.3.5\src</Filter>
    </ClCompile>
    <ClCompile Include="..\ThirdParty\OpenSource\lua-5.3.5\src\lopcodes.c">
      <Filter>ThirdParty\OpenSource\lua-5.3.5\src</Filter>
    </ClCompile>
    <ClCompile Include="..\ThirdParty\OpenSource\lua-5.3.5\src\loslib.c">
      <Filter>ThirdParty\OpenSource\lua-5.3.5\src</Filter>
    </ClCompile>
    <ClCompile Include="..\ThirdParty\OpenSource\lua-5.3.5\src\lparser.c">
      <Filter>ThirdParty\OpenSource\lua-5.3.5\src</Filter>
    </ClCompile>
    <ClCompile Include="..\ThirdParty\OpenSource\lua-5.3.5\src\lstate.c">
      <Filter>ThirdParty\OpenSource\lua-5.3.5\src</Filter>
    </ClCompile>
    <ClCompile Include="..\ThirdParty\OpenSource\lua-5.3.5\src\lstring.c">
      <Filter>ThirdParty\OpenSource\lua-5.3.5\src</Filter>
    </ClCompile>
    <ClCompile Include="..\ThirdParty\OpenSource\lua-5.3.5\src\lstrlib.c">
      <Filter>ThirdParty\OpenSource\lua-5.3.5\src</Filter>
    </ClCompile>
    <ClCompile Include="..\ThirdParty\OpenSource\lua-5.3.5\src\ltable.c">
      <Filter>ThirdParty\OpenSource\lua-5.3.5\src</Filter>
    </ClCompile>
    <ClCompile Include="..\ThirdParty\OpenSource\lua-5.3.5\src\ltablib.c">
      <Filter>ThirdParty\OpenSource\lua-5.3.5\src</Filter>
    </ClCompile>
    <ClCompile Include="..\ThirdParty\OpenSource\lua-5.3.5\src\ltm.c">
      <Filter>ThirdParty\OpenSource\lua-5.3.5\src</Filter>
    </ClCompile>
    <ClCompile Include="..\ThirdParty\OpenSource\lua-5.3.5\src\lundump.c">
      <Filter>ThirdParty\OpenSource\lua-5.3.5\src</Filter>
    </ClCompile>
    <ClCompile Include="..\ThirdParty\OpenSource\lua-5.3.5\src\lutf8lib.c">
      <Filter>ThirdParty\OpenSource\lua-5.3.5\src</Filter>
    </ClCompile>
    <ClCompile Include="..\ThirdParty\OpenSource\lua-5.3.5\src\lvm.c">
      <Filter>ThirdParty\OpenSource\lua-5.3.5\src</Filter>
    </ClCompile>
    <ClCompile Include="..\ThirdParty\OpenSource\lua-5.3.5\src\lzio.c">
      <Filter>ThirdParty\OpenSource\lua-5.3.5\src</Filter>
    </ClCompile>
    <ClCompile Include="Camera\CameraController.cpp">
      <Filter>Camera</Filter>
    </ClCompile>
    <ClCompile Include="Core\Application.cpp">
      <Filter>Core</Filter>
    </ClCompile>
    <ClCompile Include="Core\CPUConfig.cpp">
      <Filter>Core</Filter>
    </ClCompile>
    <ClCompile Include="Core\Screenshot.cpp">
      <Filter>Core</Filter>
    </ClCompile>
    <ClCompile Include="Core\ThreadSystem.cpp">
      <Filter>Core</Filter>
    </ClCompile>
    <ClCompile Include="Core\Timer.c">
      <Filter>Core</Filter>
    </ClCompile>
    <ClCompile Include="FileSystem\FileSystem.cpp">
      <Filter>FileSystem</Filter>
    </ClCompile>
    <ClCompile Include="FileSystem\SystemRun.cpp">
      <Filter>FileSystem</Filter>
    </ClCompile>
    <ClCompile Include="Fonts\FontSystem.cpp">
      <Filter>Fonts</Filter>
    </ClCompile>
    <ClCompile Include="Fonts\stbtt.cpp">
      <Filter>Fonts</Filter>
    </ClCompile>
    <ClCompile Include="Logging\Log.c">
      <Filter>Logging</Filter>
    </ClCompile>
    <ClCompile Include="MemoryTracking\MemoryTracking.c">
      <Filter>MemoryTracking</Filter>
    </ClCompile>
    <ClCompile Include="Scripting\LuaManager.cpp">
      <Filter>Scripting</Filter>
    </ClCompile>
    <ClCompile Include="Scripting\LuaManagerImpl.cpp">
      <Filter>Scripting</Filter>
    </ClCompile>
    <ClCompile Include="Scripting\LuaSystem.cpp">
      <Filter>Scripting</Filter>
    </ClCompile>
    <ClCompile Include="WindowSystem\WindowSystem.cpp">
      <Filter>WindowSystem</Filter>
    </ClCompile>
    <ClCompile Include="Windows\GLWindowsBase.cpp">
      <Filter>Windows</Filter>
    </ClCompile>
    <ClCompile Include="Windows\GLWindowsWindow.cpp">
      <Filter>Windows</Filter>
    </ClCompile>
    <ClCompile Include="Windows\WindowsFileSystem.cpp">
      <Filter>Windows</Filter>
    </ClCompile>
    <ClCompile Include="Windows\WindowsLog.c">
      <Filter>Windows</Filter>
    </ClCompile>
    <ClCompile Include="Windows\WindowsThread.c">
      <Filter>Windows</Filter>
    </ClCompile>
    <ClCompile Include="Windows\WindowsTime.c">
      <Filter>Windows</Filter>
    </ClCompile>
    <ClCompile Include="Windows\WindowsWindow.cpp">
      <Filter>Windows</Filter>
    </ClCompile>
  </ItemGroup>
</Project>