<?xml version="1.0" encoding="utf-8"?>
<Project ToolsVersion="4.0" xmlns="http://schemas.microsoft.com/developer/msbuild/2003">
  <ItemGroup>
    <Filter Include="Core">
      <UniqueIdentifier>{2EB4837C-1AEB-840D-C3D7-6A10AFED000F}</UniqueIdentifier>
    </Filter>
    <Filter Include="FileSystem">
      <UniqueIdentifier>{6A7A86EC-5632-C839-BF39-A195AB10632A}</UniqueIdentifier>
    </Filter>
    <Filter Include="Interfaces">
      <UniqueIdentifier>{A9FC10E8-95B4-5235-FEBB-2B91EA92ED25}</UniqueIdentifier>
    </Filter>
    <Filter Include="Logging">
      <UniqueIdentifier>{AC6878E8-1848-F783-2160-825A8DBE5DE5}</UniqueIdentifier>
    </Filter>
    <Filter Include="MemoryTracking">
      <UniqueIdentifier>{31B3166C-1D81-0A72-0615-7B98F281E6D6}</UniqueIdentifier>
    </Filter>
    <Filter Include="Windows">
      <UniqueIdentifier>{5032B729-BC11-36C5-C529-C19B31889C26}</UniqueIdentifier>
    </Filter>
    <Filter Include="Dependencies">
      <UniqueIdentifier>{87b06638-51cf-49e9-aab1-98e1f83b32a8}</UniqueIdentifier>
    </Filter>
    <Filter Include="Dependencies\EASTL">
      <UniqueIdentifier>{850de7ce-c7fa-4de6-9df0-d0f68934a20b}</UniqueIdentifier>
    </Filter>
    <Filter Include="Dependencies\cpu_features">
      <UniqueIdentifier>{9534b053-2c50-422d-aa3a-050d852d2145}</UniqueIdentifier>
    </Filter>
    <Filter Include="Fonts">
      <UniqueIdentifier>{9fff71c9-703a-486a-bab8-c94f7dc1c18b}</UniqueIdentifier>
    </Filter>
    <Filter Include="Math">
      <UniqueIdentifier>{e19205bf-bbcb-4130-b29c-ee0a49bb0a83}</UniqueIdentifier>
    </Filter>
  </ItemGroup>
  <ItemGroup>
    <ClInclude Include="OS\Core\Config.h">
      <Filter>Core</Filter>
    </ClInclude>
    <ClInclude Include="OS\Interfaces\IApp.h">
      <Filter>Interfaces</Filter>
    </ClInclude>
    <ClInclude Include="OS\Interfaces\IFileSystem.h">
      <Filter>Interfaces</Filter>
    </ClInclude>
    <ClInclude Include="OS\Interfaces\ILog.h">
      <Filter>Interfaces</Filter>
    </ClInclude>
    <ClInclude Include="OS\Interfaces\IMemory.h">
      <Filter>Interfaces</Filter>
    </ClInclude>
    <ClInclude Include="OS\Interfaces\IOperatingSystem.h">
      <Filter>Interfaces</Filter>
    </ClInclude>
    <ClInclude Include="OS\Interfaces\IThread.h">
      <Filter>Interfaces</Filter>
    </ClInclude>
    <ClInclude Include="OS\Interfaces\ITime.h">
      <Filter>Interfaces</Filter>
    </ClInclude>
    <ClInclude Include="OS\Interfaces\IUI.h">
      <Filter>Interfaces</Filter>
    </ClInclude>
    <ClInclude Include="OS\Logging\Log.h">
      <Filter>Logging</Filter>
    </ClInclude>
    <ClInclude Include="OS\Core\CPUConfig.h">
      <Filter>Core</Filter>
    </ClInclude>
    <ClInclude Include="OS\Math\MathTypes.h">
      <Filter>Math</Filter>
    </ClInclude>
    <ClInclude Include="OS\Interfaces\IFont.h">
      <Filter>Interfaces</Filter>
    </ClInclude>
  </ItemGroup>
  <ItemGroup>
    <ClCompile Include="OS\FileSystem\FileSystem.cpp">
      <Filter>FileSystem</Filter>
    </ClCompile>
    <ClCompile Include="OS\Logging\Log.c">
      <Filter>Logging</Filter>
    </ClCompile>
    <ClCompile Include="OS\MemoryTracking\MemoryTracking.c">
      <Filter>MemoryTracking</Filter>
    </ClCompile>
    <ClCompile Include="OS\Windows\WindowsBase.cpp">
      <Filter>Windows</Filter>
    </ClCompile>
    <ClCompile Include="OS\Windows\WindowsFileSystem.cpp">
      <Filter>Windows</Filter>
    </ClCompile>
    <ClCompile Include="OS\Windows\WindowsLog.c">
      <Filter>Windows</Filter>
    </ClCompile>
    <ClCompile Include="OS\Windows\WindowsThread.c">
      <Filter>Windows</Filter>
    </ClCompile>
    <ClCompile Include="OS\Windows\WindowsWindow.cpp">
      <Filter>Windows</Filter>
    </ClCompile>
    <ClCompile Include="..\ThirdParty\OpenSource\EASTL\allocator_forge.cpp">
      <Filter>Dependencies\EASTL</Filter>
    </ClCompile>
    <ClCompile Include="..\ThirdParty\OpenSource\EASTL\assert.cpp">
      <Filter>Dependencies\EASTL</Filter>
    </ClCompile>
    <ClCompile Include="..\ThirdParty\OpenSource\cpu_features\src\impl_x86_windows.c">
      <Filter>Dependencies\cpu_features</Filter>
    </ClCompile>
    <ClCompile Include="OS\Core\CPUConfig.cpp">
      <Filter>Core</Filter>
    </ClCompile>
    <ClCompile Include="OS\Fonts\FontSystem.cpp">
      <Filter>Fonts</Filter>
    </ClCompile>
    <ClCompile Include="OS\Fonts\stbtt.cpp">
      <Filter>Fonts</Filter>
    </ClCompile>
  </ItemGroup>
</Project>